
Microsoft Visual Studio Solution File, Format Version 12.00
# Visual Studio Version 16
VisualStudioVersion = 16.0.31624.102
MinimumVisualStudioVersion = 10.0.40219.1
Project("{FAE04EC0-301F-11D3-BF4B-00C04F79EFBC}") = "Fluid-HTN-Ext", "Fluid-HTN-Ext\Fluid-HTN-Ext.csproj", "{111923FA-D42D-4EB2-9492-06E31750E74E}"
EndProject
Project("{FAE04EC0-301F-11D3-BF4B-00C04F79EFBC}") = "Fluid-HTN-Ext.UnitTests", "Fluid-HTN-Ext.UnitTests\Fluid-HTN-Ext.UnitTests.csproj", "{B2168DDD-AF42-4EA9-A256-FEDDD9AB6D4E}"
EndProject
Project("{FAE04EC0-301F-11D3-BF4B-00C04F79EFBC}") = "Fluid-HTN", "..\fluid-hierarchical-task-network\Fluid-HTN\Fluid-HTN.csproj", "{B6908CED-5C0B-415C-9564-85F66A8B5025}"
EndProject
Project("{FAE04EC0-301F-11D3-BF4B-00C04F79EFBC}") = "Fluid-HTN.UnitTests", "..\fluid-hierarchical-task-network\Fluid-HTN.UnitTests\Fluid-HTN.UnitTests.csproj", "{A6DAA5DB-FC2B-4D08-87A1-0E667A39CF21}"
EndProject
Global
	GlobalSection(SolutionConfigurationPlatforms) = preSolution
		Debug|Any CPU = Debug|Any CPU
		Release|Any CPU = Release|Any CPU
	EndGlobalSection
	GlobalSection(ProjectConfigurationPlatforms) = postSolution
		{111923FA-D42D-4EB2-9492-06E31750E74E}.Debug|Any CPU.ActiveCfg = Debug|Any CPU
		{111923FA-D42D-4EB2-9492-06E31750E74E}.Debug|Any CPU.Build.0 = Debug|Any CPU
		{111923FA-D42D-4EB2-9492-06E31750E74E}.Release|Any CPU.ActiveCfg = Release|Any CPU
		{111923FA-D42D-4EB2-9492-06E31750E74E}.Release|Any CPU.Build.0 = Release|Any CPU
		{B2168DDD-AF42-4EA9-A256-FEDDD9AB6D4E}.Debug|Any CPU.ActiveCfg = Debug|Any CPU
		{B2168DDD-AF42-4EA9-A256-FEDDD9AB6D4E}.Debug|Any CPU.Build.0 = Debug|Any CPU
		{B2168DDD-AF42-4EA9-A256-FEDDD9AB6D4E}.Release|Any CPU.ActiveCfg = Release|Any CPU
		{B2168DDD-AF42-4EA9-A256-FEDDD9AB6D4E}.Release|Any CPU.Build.0 = Release|Any CPU
		{B6908CED-5C0B-415C-9564-85F66A8B5025}.Debug|Any CPU.ActiveCfg = Debug|Any CPU
		{B6908CED-5C0B-415C-9564-85F66A8B5025}.Debug|Any CPU.Build.0 = Debug|Any CPU
		{B6908CED-5C0B-415C-9564-85F66A8B5025}.Release|Any CPU.ActiveCfg = Release|Any CPU
		{B6908CED-5C0B-415C-9564-85F66A8B5025}.Release|Any CPU.Build.0 = Release|Any CPU
		{A6DAA5DB-FC2B-4D08-87A1-0E667A39CF21}.Debug|Any CPU.ActiveCfg = Debug|Any CPU
		{A6DAA5DB-FC2B-4D08-87A1-0E667A39CF21}.Debug|Any CPU.Build.0 = Debug|Any CPU
		{A6DAA5DB-FC2B-4D08-87A1-0E667A39CF21}.Release|Any CPU.ActiveCfg = Release|Any CPU
		{A6DAA5DB-FC2B-4D08-87A1-0E667A39CF21}.Release|Any CPU.Build.0 = Release|Any CPU
	EndGlobalSection
	GlobalSection(SolutionProperties) = preSolution
		HideSolutionNode = FALSE
	EndGlobalSection
	GlobalSection(ExtensibilityGlobals) = postSolution
		SolutionGuid = {0A3BDEB0-B4F3-40B4-931C-56CA138C05B2}
	EndGlobalSection
EndGlobal
